
Microsoft Visual Studio Solution File, Format Version 12.00
# Visual Studio Version 17
VisualStudioVersion = 17.5.33414.496
MinimumVisualStudioVersion = 10.0.40219.1
Project("{FAE04EC0-301F-11D3-BF4B-00C04F79EFBC}") = "Minecraft Clone", "Minecraft Clone.csproj", "{028A9C85-BCD7-4814-8EFB-7925F384E261}"
EndProject
Global
	GlobalSection(SolutionConfigurationPlatforms) = preSolution
		Debug|Any CPU = Debug|Any CPU
		Release|Any CPU = Release|Any CPU
	EndGlobalSection
	GlobalSection(ProjectConfigurationPlatforms) = postSolution
		{028A9C85-BCD7-4814-8EFB-7925F384E261}.Debug|Any CPU.ActiveCfg = Debug|Any CPU
		{028A9C85-BCD7-4814-8EFB-7925F384E261}.Debug|Any CPU.Build.0 = Debug|Any CPU
		{028A9C85-BCD7-4814-8EFB-7925F384E261}.Release|Any CPU.ActiveCfg = Release|Any CPU
		{028A9C85-BCD7-4814-8EFB-7925F384E261}.Release|Any CPU.Build.0 = Release|Any CPU
	EndGlobalSection
	GlobalSection(SolutionProperties) = preSolution
		HideSolutionNode = FALSE
	EndGlobalSection
	GlobalSection(ExtensibilityGlobals) = postSolution
		SolutionGuid = {F7AA5089-E0C3-4ACA-B560-15037F786362}
	EndGlobalSection
EndGlobal
